// !$*UTF8*$!
{
	archiveVersion = 1;
	classes = {
	};
	objectVersion = 46;
	objects = {

/* Begin PBXBuildFile section */
		3FE6C25D1AEA500600A87CAD /* AppDelegate.swift in Sources */ = {isa = PBXBuildFile; fileRef = 3FE6C25C1AEA500600A87CAD /* AppDelegate.swift */; };
		3FE6C25F1AEA500600A87CAD /* ViewController.swift in Sources */ = {isa = PBXBuildFile; fileRef = 3FE6C25E1AEA500600A87CAD /* ViewController.swift */; };
		3FE6C2621AEA500600A87CAD /* Main.storyboard in Resources */ = {isa = PBXBuildFile; fileRef = 3FE6C2601AEA500600A87CAD /* Main.storyboard */; };
		3FE6C2641AEA500600A87CAD /* Images.xcassets in Resources */ = {isa = PBXBuildFile; fileRef = 3FE6C2631AEA500600A87CAD /* Images.xcassets */; };
		3FE6C2671AEA500600A87CAD /* LaunchScreen.xib in Resources */ = {isa = PBXBuildFile; fileRef = 3FE6C2651AEA500600A87CAD /* LaunchScreen.xib */; };
		3FE6C2731AEA500700A87CAD /* hasiokusasiTests.swift in Sources */ = {isa = PBXBuildFile; fileRef = 3FE6C2721AEA500700A87CAD /* hasiokusasiTests.swift */; };
/* End PBXBuildFile section */

/* Begin PBXContainerItemProxy section */
		3FE6C26D1AEA500700A87CAD /* PBXContainerItemProxy */ = {
			isa = PBXContainerItemProxy;
			containerPortal = 3FE6C24F1AEA500600A87CAD /* Project object */;
			proxyType = 1;
			remoteGlobalIDString = 3FE6C2561AEA500600A87CAD;
			remoteInfo = hasiokusasi;
		};
/* End PBXContainerItemProxy section */

/* Begin PBXFileReference section */
		3FE6C2571AEA500600A87CAD /* hasiokusasi.app */ = {isa = PBXFileReference; explicitFileType = wrapper.application; includeInIndex = 0; path = hasiokusasi.app; sourceTree = BUILT_PRODUCTS_DIR; };
		3FE6C25B1AEA500600A87CAD /* Info.plist */ = {isa = PBXFileReference; lastKnownFileType = text.plist.xml; path = Info.plist; sourceTree = "<group>"; };
		3FE6C25C1AEA500600A87CAD /* AppDelegate.swift */ = {isa = PBXFileReference; lastKnownFileType = sourcecode.swift; path = AppDelegate.swift; sourceTree = "<group>"; };
		3FE6C25E1AEA500600A87CAD /* ViewController.swift */ = {isa = PBXFileReference; lastKnownFileType = sourcecode.swift; path = ViewController.swift; sourceTree = "<group>"; };
		3FE6C2611AEA500600A87CAD /* Base */ = {isa = PBXFileReference; lastKnownFileType = file.storyboard; name = Base; path = Base.lproj/Main.storyboard; sourceTree = "<group>"; };
		3FE6C2631AEA500600A87CAD /* Images.xcassets */ = {isa = PBXFileReference; lastKnownFileType = folder.assetcatalog; path = Images.xcassets; sourceTree = "<group>"; };
		3FE6C2661AEA500600A87CAD /* Base */ = {isa = PBXFileReference; lastKnownFileType = file.xib; name = Base; path = Base.lproj/LaunchScreen.xib; sourceTree = "<group>"; };
		3FE6C26C1AEA500700A87CAD /* hasiokusasiTests.xctest */ = {isa = PBXFileReference; explicitFileType = wrapper.cfbundle; includeInIndex = 0; path = hasiokusasiTests.xctest; sourceTree = BUILT_PRODUCTS_DIR; };
		3FE6C2711AEA500700A87CAD /* Info.plist */ = {isa = PBXFileReference; lastKnownFileType = text.plist.xml; path = Info.plist; sourceTree = "<group>"; };
		3FE6C2721AEA500700A87CAD /* hasiokusasiTests.swift */ = {isa = PBXFileReference; lastKnownFileType = sourcecode.swift; path = hasiokusasiTests.swift; sourceTree = "<group>"; };
/* End PBXFileReference section */

/* Begin PBXFrameworksBuildPhase section */
		3FE6C2541AEA500600A87CAD /* Frameworks */ = {
			isa = PBXFrameworksBuildPhase;
			buildActionMask = 2147483647;
			files = (
			);
			runOnlyForDeploymentPostprocessing = 0;
		};
		3FE6C2691AEA500700A87CAD /* Frameworks */ = {
			isa = PBXFrameworksBuildPhase;
			buildActionMask = 2147483647;
			files = (
			);
			runOnlyForDeploymentPostprocessing = 0;
		};
/* End PBXFrameworksBuildPhase section */

/* Begin PBXGroup section */
		3FE6C24E1AEA500600A87CAD = {
			isa = PBXGroup;
			children = (
				3FE6C2591AEA500600A87CAD /* hasiokusasi */,
				3FE6C26F1AEA500700A87CAD /* hasiokusasiTests */,
				3FE6C2581AEA500600A87CAD /* Products */,
			);
			sourceTree = "<group>";
		};
		3FE6C2581AEA500600A87CAD /* Products */ = {
			isa = PBXGroup;
			children = (
				3FE6C2571AEA500600A87CAD /* hasiokusasi.app */,
				3FE6C26C1AEA500700A87CAD /* hasiokusasiTests.xctest */,
			);
			name = Products;
			sourceTree = "<group>";
		};
		3FE6C2591AEA500600A87CAD /* hasiokusasi */ = {
			isa = PBXGroup;
			children = (
				3FE6C25C1AEA500600A87CAD /* AppDelegate.swift */,
				3FE6C25E1AEA500600A87CAD /* ViewController.swift */,
				3FE6C2601AEA500600A87CAD /* Main.storyboard */,
				3FE6C2631AEA500600A87CAD /* Images.xcassets */,
				3FE6C2651AEA500600A87CAD /* LaunchScreen.xib */,
				3FE6C25A1AEA500600A87CAD /* Supporting Files */,
			);
			path = hasiokusasi;
			sourceTree = "<group>";
		};
		3FE6C25A1AEA500600A87CAD /* Supporting Files */ = {
			isa = PBXGroup;
			children = (
				3FE6C25B1AEA500600A87CAD /* Info.plist */,
			);
			name = "Supporting Files";
			sourceTree = "<group>";
		};
		3FE6C26F1AEA500700A87CAD /* hasiokusasiTests */ = {
			isa = PBXGroup;
			children = (
				3FE6C2721AEA500700A87CAD /* hasiokusasiTests.swift */,
				3FE6C2701AEA500700A87CAD /* Supporting Files */,
			);
			path = hasiokusasiTests;
			sourceTree = "<group>";
		};
		3FE6C2701AEA500700A87CAD /* Supporting Files */ = {
			isa = PBXGroup;
			children = (
				3FE6C2711AEA500700A87CAD /* Info.plist */,
			);
			name = "Supporting Files";
			sourceTree = "<group>";
		};
/* End PBXGroup section */

/* Begin PBXNativeTarget section */
		3FE6C2561AEA500600A87CAD /* hasiokusasi */ = {
			isa = PBXNativeTarget;
			buildConfigurationList = 3FE6C2761AEA500700A87CAD /* Build configuration list for PBXNativeTarget "hasiokusasi" */;
			buildPhases = (
				3FE6C2531AEA500600A87CAD /* Sources */,
				3FE6C2541AEA500600A87CAD /* Frameworks */,
				3FE6C2551AEA500600A87CAD /* Resources */,
			);
			buildRules = (
			);
			dependencies = (
			);
			name = hasiokusasi;
			productName = hasiokusasi;
			productReference = 3FE6C2571AEA500600A87CAD /* hasiokusasi.app */;
			productType = "com.apple.product-type.application";
		};
		3FE6C26B1AEA500700A87CAD /* hasiokusasiTests */ = {
			isa = PBXNativeTarget;
			buildConfigurationList = 3FE6C2791AEA500700A87CAD /* Build configuration list for PBXNativeTarget "hasiokusasiTests" */;
			buildPhases = (
				3FE6C2681AEA500700A87CAD /* Sources */,
				3FE6C2691AEA500700A87CAD /* Frameworks */,
				3FE6C26A1AEA500700A87CAD /* Resources */,
			);
			buildRules = (
			);
			dependencies = (
				3FE6C26E1AEA500700A87CAD /* PBXTargetDependency */,
			);
			name = hasiokusasiTests;
			productName = hasiokusasiTests;
			productReference = 3FE6C26C1AEA500700A87CAD /* hasiokusasiTests.xctest */;
			productType = "com.apple.product-type.bundle.unit-test";
		};
/* End PBXNativeTarget section */

/* Begin PBXProject section */
		3FE6C24F1AEA500600A87CAD /* Project object */ = {
			isa = PBXProject;
			attributes = {
				LastUpgradeCheck = 0630;
				ORGANIZATIONNAME = "小泉心之介";
				TargetAttributes = {
					3FE6C2561AEA500600A87CAD = {
						CreatedOnToolsVersion = 6.3;
					};
					3FE6C26B1AEA500700A87CAD = {
						CreatedOnToolsVersion = 6.3;
						TestTargetID = 3FE6C2561AEA500600A87CAD;
					};
				};
			};
			buildConfigurationList = 3FE6C2521AEA500600A87CAD /* Build configuration list for PBXProject "hasiokusasi" */;
			compatibilityVersion = "Xcode 3.2";
			developmentRegion = English;
			hasScannedForEncodings = 0;
			knownRegions = (
				en,
				Base,
			);
			mainGroup = 3FE6C24E1AEA500600A87CAD;
			productRefGroup = 3FE6C2581AEA500600A87CAD /* Products */;
			projectDirPath = "";
			projectRoot = "";
			targets = (
				3FE6C2561AEA500600A87CAD /* hasiokusasi */,
				3FE6C26B1AEA500700A87CAD /* hasiokusasiTests */,
			);
		};
/* End PBXProject section */

/* Begin PBXResourcesBuildPhase section */
		3FE6C2551AEA500600A87CAD /* Resources */ = {
			isa = PBXResourcesBuildPhase;
			buildActionMask = 2147483647;
			files = (
				3FE6C2621AEA500600A87CAD /* Main.storyboard in Resources */,
				3FE6C2671AEA500600A87CAD /* LaunchScreen.xib in Resources */,
				3FE6C2641AEA500600A87CAD /* Images.xcassets in Resources */,
			);
			runOnlyForDeploymentPostprocessing = 0;
		};
		3FE6C26A1AEA500700A87CAD /* Resources */ = {
			isa = PBXResourcesBuildPhase;
			buildActionMask = 2147483647;
			files = (
			);
			runOnlyForDeploymentPostprocessing = 0;
		};
/* End PBXResourcesBuildPhase section */

/* Begin PBXSourcesBuildPhase section */
		3FE6C2531AEA500600A87CAD /* Sources */ = {
			isa = PBXSourcesBuildPhase;
			buildActionMask = 2147483647;
			files = (
				3FE6C25F1AEA500600A87CAD /* ViewController.swift in Sources */,
				3FE6C25D1AEA500600A87CAD /* AppDelegate.swift in Sources */,
			);
			runOnlyForDeploymentPostprocessing = 0;
		};
		3FE6C2681AEA500700A87CAD /* Sources */ = {
			isa = PBXSourcesBuildPhase;
			buildActionMask = 2147483647;
			files = (
				3FE6C2731AEA500700A87CAD /* hasiokusasiTests.swift in Sources */,
			);
			runOnlyForDeploymentPostprocessing = 0;
		};
/* End PBXSourcesBuildPhase section */

/* Begin PBXTargetDependency section */
		3FE6C26E1AEA500700A87CAD /* PBXTargetDependency */ = {
			isa = PBXTargetDependency;
			target = 3FE6C2561AEA500600A87CAD /* hasiokusasi */;
			targetProxy = 3FE6C26D1AEA500700A87CAD /* PBXContainerItemProxy */;
		};
/* End PBXTargetDependency section */

/* Begin PBXVariantGroup section */
		3FE6C2601AEA500600A87CAD /* Main.storyboard */ = {
			isa = PBXVariantGroup;
			children = (
				3FE6C2611AEA500600A87CAD /* Base */,
			);
			name = Main.storyboard;
			sourceTree = "<group>";
		};
		3FE6C2651AEA500600A87CAD /* LaunchScreen.xib */ = {
			isa = PBXVariantGroup;
			children = (
				3FE6C2661AEA500600A87CAD /* Base */,
			);
			name = LaunchScreen.xib;
			sourceTree = "<group>";
		};
/* End PBXVariantGroup section */

/* Begin XCBuildConfiguration section */
		3FE6C2741AEA500700A87CAD /* Debug */ = {
			isa = XCBuildConfiguration;
			buildSettings = {
				ALWAYS_SEARCH_USER_PATHS = NO;
				CLANG_CXX_LANGUAGE_STANDARD = "gnu++0x";
				CLANG_CXX_LIBRARY = "libc++";
				CLANG_ENABLE_MODULES = YES;
				CLANG_ENABLE_OBJC_ARC = YES;
				CLANG_WARN_BOOL_CONVERSION = YES;
				CLANG_WARN_CONSTANT_CONVERSION = YES;
				CLANG_WARN_DIRECT_OBJC_ISA_USAGE = YES_ERROR;
				CLANG_WARN_EMPTY_BODY = YES;
				CLANG_WARN_ENUM_CONVERSION = YES;
				CLANG_WARN_INT_CONVERSION = YES;
				CLANG_WARN_OBJC_ROOT_CLASS = YES_ERROR;
				CLANG_WARN_UNREACHABLE_CODE = YES;
				CLANG_WARN__DUPLICATE_METHOD_MATCH = YES;
				"CODE_SIGN_IDENTITY[sdk=iphoneos*]" = "iPhone Developer";
				COPY_PHASE_STRIP = NO;
				DEBUG_INFORMATION_FORMAT = "dwarf-with-dsym";
				ENABLE_STRICT_OBJC_MSGSEND = YES;
				GCC_C_LANGUAGE_STANDARD = gnu99;
				GCC_DYNAMIC_NO_PIC = NO;
				GCC_NO_COMMON_BLOCKS = YES;
				GCC_OPTIMIZATION_LEVEL = 0;
				GCC_PREPROCESSOR_DEFINITIONS = (
					"DEBUG=1",
					"$(inherited)",
				);
				GCC_SYMBOLS_PRIVATE_EXTERN = NO;
				GCC_WARN_64_TO_32_BIT_CONVERSION = YES;
				GCC_WARN_ABOUT_RETURN_TYPE = YES_ERROR;
				GCC_WARN_UNDECLARED_SELECTOR = YES;
				GCC_WARN_UNINITIALIZED_AUTOS = YES_AGGRESSIVE;
				GCC_WARN_UNUSED_FUNCTION = YES;
				GCC_WARN_UNUSED_VARIABLE = YES;
				IPHONEOS_DEPLOYMENT_TARGET = 8.3;
				MTL_ENABLE_DEBUG_INFO = YES;
				ONLY_ACTIVE_ARCH = YES;
				SDKROOT = iphoneos;
				SWIFT_OPTIMIZATION_LEVEL = "-Onone";
			};
			name = Debug;
		};
		3FE6C2751AEA500700A87CAD /* Release */ = {
			isa = XCBuildConfiguration;
			buildSettings = {
				ALWAYS_SEARCH_USER_PATHS = NO;
				CLANG_CXX_LANGUAGE_STANDARD = "gnu++0x";
				CLANG_CXX_LIBRARY = "libc++";
				CLANG_ENABLE_MODULES = YES;
				CLANG_ENABLE_OBJC_ARC = YES;
				CLANG_WARN_BOOL_CONVERSION = YES;
				CLANG_WARN_CONSTANT_CONVERSION = YES;
				CLANG_WARN_DIRECT_OBJC_ISA_USAGE = YES_ERROR;
				CLANG_WARN_EMPTY_BODY = YES;
				CLANG_WARN_ENUM_CONVERSION = YES;
				CLANG_WARN_INT_CONVERSION = YES;
				CLANG_WARN_OBJC_ROOT_CLASS = YES_ERROR;
				CLANG_WARN_UNREACHABLE_CODE = YES;
				CLANG_WARN__DUPLICATE_METHOD_MATCH = YES;
				"CODE_SIGN_IDENTITY[sdk=iphoneos*]" = "iPhone Developer";
				COPY_PHASE_STRIP = NO;
				DEBUG_INFORMATION_FORMAT = "dwarf-with-dsym";
				ENABLE_NS_ASSERTIONS = NO;
				ENABLE_STRICT_OBJC_MSGSEND = YES;
				GCC_C_LANGUAGE_STANDARD = gnu99;
				GCC_NO_COMMON_BLOCKS = YES;
				GCC_WARN_64_TO_32_BIT_CONVERSION = YES;
				GCC_WARN_ABOUT_RETURN_TYPE = YES_ERROR;
				GCC_WARN_UNDECLARED_SELECTOR = YES;
				GCC_WARN_UNINITIALIZED_AUTOS = YES_AGGRESSIVE;
				GCC_WARN_UNUSED_FUNCTION = YES;
				GCC_WARN_UNUSED_VARIABLE = YES;
				IPHONEOS_DEPLOYMENT_TARGET = 8.3;
				MTL_ENABLE_DEBUG_INFO = NO;
				SDKROOT = iphoneos;
				VALIDATE_PRODUCT = YES;
			};
			name = Release;
		};
		3FE6C2771AEA500700A87CAD /* Debug */ = {
			isa = XCBuildConfiguration;
			buildSettings = {
				ASSETCATALOG_COMPILER_APPICON_NAME = AppIcon;
				INFOPLIST_FILE = hasiokusasi/Info.plist;
				LD_RUNPATH_SEARCH_PATHS = "$(inherited) @executable_path/Frameworks";
				PRODUCT_NAME = "$(TARGET_NAME)";
			};
			name = Debug;
		};
		3FE6C2781AEA500700A87CAD /* Release */ = {
			isa = XCBuildConfiguration;
			buildSettings = {
				ASSETCATALOG_COMPILER_APPICON_NAME = AppIcon;
				INFOPLIST_FILE = hasiokusasi/Info.plist;
				LD_RUNPATH_SEARCH_PATHS = "$(inherited) @executable_path/Frameworks";
				PRODUCT_NAME = "$(TARGET_NAME)";
			};
			name = Release;
		};
		3FE6C27A1AEA500700A87CAD /* Debug */ = {
			isa = XCBuildConfiguration;
			buildSettings = {
				BUNDLE_LOADER = "$(TEST_HOST)";
				FRAMEWORK_SEARCH_PATHS = (
					"$(SDKROOT)/Developer/Library/Frameworks",
					"$(inherited)",
				);
				GCC_PREPROCESSOR_DEFINITIONS = (
					"DEBUG=1",
					"$(inherited)",
				);
				INFOPLIST_FILE = hasiokusasiTests/Info.plist;
				LD_RUNPATH_SEARCH_PATHS = "$(inherited) @executable_path/Frameworks @loader_path/Frameworks";
				PRODUCT_NAME = "$(TARGET_NAME)";
				TEST_HOST = "$(BUILT_PRODUCTS_DIR)/hasiokusasi.app/hasiokusasi";
			};
			name = Debug;
		};
		3FE6C27B1AEA500700A87CAD /* Release */ = {
			isa = XCBuildConfiguration;
			buildSettings = {
				BUNDLE_LOADER = "$(TEST_HOST)";
				FRAMEWORK_SEARCH_PATHS = (
					"$(SDKROOT)/Developer/Library/Frameworks",
					"$(inherited)",
				);
				INFOPLIST_FILE = hasiokusasiTests/Info.plist;
				LD_RUNPATH_SEARCH_PATHS = "$(inherited) @executable_path/Frameworks @loader_path/Frameworks";
				PRODUCT_NAME = "$(TARGET_NAME)";
				TEST_HOST = "$(BUILT_PRODUCTS_DIR)/hasiokusasi.app/hasiokusasi";
			};
			name = Release;
		};
/* End XCBuildConfiguration section */

/* Begin XCConfigurationList section */
		3FE6C2521AEA500600A87CAD /* Build configuration list for PBXProject "hasiokusasi" */ = {
			isa = XCConfigurationList;
			buildConfigurations = (
				3FE6C2741AEA500700A87CAD /* Debug */,
				3FE6C2751AEA500700A87CAD /* Release */,
			);
			defaultConfigurationIsVisible = 0;
			defaultConfigurationName = Release;
		};
		3FE6C2761AEA500700A87CAD /* Build configuration list for PBXNativeTarget "hasiokusasi" */ = {
			isa = XCConfigurationList;
			buildConfigurations = (
				3FE6C2771AEA500700A87CAD /* Debug */,
				3FE6C2781AEA500700A87CAD /* Release */,
			);
			defaultConfigurationIsVisible = 0;
		};
		3FE6C2791AEA500700A87CAD /* Build configuration list for PBXNativeTarget "hasiokusasiTests" */ = {
			isa = XCConfigurationList;
			buildConfigurations = (
				3FE6C27A1AEA500700A87CAD /* Debug */,
				3FE6C27B1AEA500700A87CAD /* Release */,
			);
			defaultConfigurationIsVisible = 0;
		};
/* End XCConfigurationList section */
	};
	rootObject = 3FE6C24F1AEA500600A87CAD /* Project object */;
}
